
Microsoft Visual Studio Solution File, Format Version 12.00
# Visual Studio Version 17
VisualStudioVersion = 17.4.33110.190
MinimumVisualStudioVersion = 10.0.40219.1
Project("{FAE04EC0-301F-11D3-BF4B-00C04F79EFBC}") = "pr2", "pr2\pr2.csproj", "{3739125B-4E2D-499F-9FF0-4A509AA6A437}"
EndProject
Global
	GlobalSection(SolutionConfigurationPlatforms) = preSolution
		Debug|Any CPU = Debug|Any CPU
		Release|Any CPU = Release|Any CPU
	EndGlobalSection
	GlobalSection(ProjectConfigurationPlatforms) = postSolution
		{3739125B-4E2D-499F-9FF0-4A509AA6A437}.Debug|Any CPU.ActiveCfg = Debug|Any CPU
		{3739125B-4E2D-499F-9FF0-4A509AA6A437}.Debug|Any CPU.Build.0 = Debug|Any CPU
		{3739125B-4E2D-499F-9FF0-4A509AA6A437}.Release|Any CPU.ActiveCfg = Release|Any CPU
		{3739125B-4E2D-499F-9FF0-4A509AA6A437}.Release|Any CPU.Build.0 = Release|Any CPU
	EndGlobalSection
	GlobalSection(SolutionProperties) = preSolution
		HideSolutionNode = FALSE
	EndGlobalSection
	GlobalSection(ExtensibilityGlobals) = postSolution
		SolutionGuid = {AF03A85C-3BCB-4051-8FF8-5177F8EF2507}
	EndGlobalSection
EndGlobal
